
Microsoft Visual Studio Solution File, Format Version 12.00
# Visual Studio 15
VisualStudioVersion = 15.0.28010.2041
MinimumVisualStudioVersion = 10.0.40219.1
Project("{FAE04EC0-301F-11D3-BF4B-00C04F79EFBC}") = "DinnerGeddonWeb.Tests", "DinnerGeddonWeb.Tests\DinnerGeddonWeb.Tests.csproj", "{294A3CF6-5929-49E5-B2C5-AD5BAEC2FA55}"
EndProject
Project("{FAE04EC0-301F-11D3-BF4B-00C04F79EFBC}") = "DBLayer", "DBLayer\DBLayer.csproj", "{B9657908-0A19-4931-8C84-3993BA1E60B6}"
EndProject
Project("{FAE04EC0-301F-11D3-BF4B-00C04F79EFBC}") = "DinnergeddonUI", "DinnergeddonUI\DinnergeddonUI.csproj", "{FAC869ED-9DE7-4E3F-9CD7-EC3CBF6B31F3}"
EndProject
Project("{FAE04EC0-301F-11D3-BF4B-00C04F79EFBC}") = "DinnergeddonService", "DinnergeddonService\DinnergeddonService.csproj", "{9139FBB0-7245-42EB-A5C7-54248C5DFA6D}"
EndProject
Project("{FAE04EC0-301F-11D3-BF4B-00C04F79EFBC}") = "Model", "Model\Model.csproj", "{17556139-CC1D-48DD-A770-39F33EE57A75}"
EndProject
Project("{FAE04EC0-301F-11D3-BF4B-00C04F79EFBC}") = "DinnergeddonService.Tests", "DinnergeddonService.Tests\DinnergeddonService.Tests.csproj", "{AA2D6153-85F5-43C8-89B4-1D663B9D431D}"
EndProject
Project("{FAE04EC0-301F-11D3-BF4B-00C04F79EFBC}") = "DinnergeddonWeb", "DinnergeddonWeb\DinnergeddonWeb.csproj", "{A4704818-F962-42A1-8154-5A9489B35F0E}"
	ProjectSection(ProjectDependencies) = postProject
		{9139FBB0-7245-42EB-A5C7-54248C5DFA6D} = {9139FBB0-7245-42EB-A5C7-54248C5DFA6D}
	EndProjectSection
EndProject
Project("{FAE04EC0-301F-11D3-BF4B-00C04F79EFBC}") = "DBLayer.Tests", "DBLayer.Tests\DBLayer.Tests.csproj", "{E865A3DB-AE02-4B57-B1AA-51680D755E7B}"
EndProject
Project("{FAE04EC0-301F-11D3-BF4B-00C04F79EFBC}") = "DinnergeddonHost", "DinnergeddonHost\DinnergeddonHost.csproj", "{B126B46A-A332-4C7B-A814-D1DBAD9B4712}"
EndProject
Global
	GlobalSection(SolutionConfigurationPlatforms) = preSolution
		Debug|Any CPU = Debug|Any CPU
		Release|Any CPU = Release|Any CPU
	EndGlobalSection
	GlobalSection(ProjectConfigurationPlatforms) = postSolution
		{294A3CF6-5929-49E5-B2C5-AD5BAEC2FA55}.Debug|Any CPU.ActiveCfg = Debug|Any CPU
		{294A3CF6-5929-49E5-B2C5-AD5BAEC2FA55}.Debug|Any CPU.Build.0 = Debug|Any CPU
		{294A3CF6-5929-49E5-B2C5-AD5BAEC2FA55}.Release|Any CPU.ActiveCfg = Release|Any CPU
		{294A3CF6-5929-49E5-B2C5-AD5BAEC2FA55}.Release|Any CPU.Build.0 = Release|Any CPU
		{B9657908-0A19-4931-8C84-3993BA1E60B6}.Debug|Any CPU.ActiveCfg = Debug|Any CPU
		{B9657908-0A19-4931-8C84-3993BA1E60B6}.Debug|Any CPU.Build.0 = Debug|Any CPU
		{B9657908-0A19-4931-8C84-3993BA1E60B6}.Release|Any CPU.ActiveCfg = Release|Any CPU
		{B9657908-0A19-4931-8C84-3993BA1E60B6}.Release|Any CPU.Build.0 = Release|Any CPU
		{FAC869ED-9DE7-4E3F-9CD7-EC3CBF6B31F3}.Debug|Any CPU.ActiveCfg = Debug|Any CPU
		{FAC869ED-9DE7-4E3F-9CD7-EC3CBF6B31F3}.Debug|Any CPU.Build.0 = Debug|Any CPU
		{FAC869ED-9DE7-4E3F-9CD7-EC3CBF6B31F3}.Release|Any CPU.ActiveCfg = Release|Any CPU
		{FAC869ED-9DE7-4E3F-9CD7-EC3CBF6B31F3}.Release|Any CPU.Build.0 = Release|Any CPU
		{9139FBB0-7245-42EB-A5C7-54248C5DFA6D}.Debug|Any CPU.ActiveCfg = Debug|Any CPU
		{9139FBB0-7245-42EB-A5C7-54248C5DFA6D}.Debug|Any CPU.Build.0 = Debug|Any CPU
		{9139FBB0-7245-42EB-A5C7-54248C5DFA6D}.Release|Any CPU.ActiveCfg = Release|Any CPU
		{9139FBB0-7245-42EB-A5C7-54248C5DFA6D}.Release|Any CPU.Build.0 = Release|Any CPU
		{17556139-CC1D-48DD-A770-39F33EE57A75}.Debug|Any CPU.ActiveCfg = Debug|Any CPU
		{17556139-CC1D-48DD-A770-39F33EE57A75}.Debug|Any CPU.Build.0 = Debug|Any CPU
		{17556139-CC1D-48DD-A770-39F33EE57A75}.Release|Any CPU.ActiveCfg = Release|Any CPU
		{17556139-CC1D-48DD-A770-39F33EE57A75}.Release|Any CPU.Build.0 = Release|Any CPU
		{AA2D6153-85F5-43C8-89B4-1D663B9D431D}.Debug|Any CPU.ActiveCfg = Debug|Any CPU
		{AA2D6153-85F5-43C8-89B4-1D663B9D431D}.Debug|Any CPU.Build.0 = Debug|Any CPU
		{AA2D6153-85F5-43C8-89B4-1D663B9D431D}.Release|Any CPU.ActiveCfg = Release|Any CPU
		{AA2D6153-85F5-43C8-89B4-1D663B9D431D}.Release|Any CPU.Build.0 = Release|Any CPU
		{A4704818-F962-42A1-8154-5A9489B35F0E}.Debug|Any CPU.ActiveCfg = Debug|Any CPU
		{A4704818-F962-42A1-8154-5A9489B35F0E}.Debug|Any CPU.Build.0 = Debug|Any CPU
		{A4704818-F962-42A1-8154-5A9489B35F0E}.Release|Any CPU.ActiveCfg = Release|Any CPU
		{A4704818-F962-42A1-8154-5A9489B35F0E}.Release|Any CPU.Build.0 = Release|Any CPU
		{E865A3DB-AE02-4B57-B1AA-51680D755E7B}.Debug|Any CPU.ActiveCfg = Debug|Any CPU
		{E865A3DB-AE02-4B57-B1AA-51680D755E7B}.Debug|Any CPU.Build.0 = Debug|Any CPU
		{E865A3DB-AE02-4B57-B1AA-51680D755E7B}.Release|Any CPU.ActiveCfg = Release|Any CPU
		{E865A3DB-AE02-4B57-B1AA-51680D755E7B}.Release|Any CPU.Build.0 = Release|Any CPU
		{B126B46A-A332-4C7B-A814-D1DBAD9B4712}.Debug|Any CPU.ActiveCfg = Debug|Any CPU
		{B126B46A-A332-4C7B-A814-D1DBAD9B4712}.Debug|Any CPU.Build.0 = Debug|Any CPU
		{B126B46A-A332-4C7B-A814-D1DBAD9B4712}.Release|Any CPU.ActiveCfg = Release|Any CPU
		{B126B46A-A332-4C7B-A814-D1DBAD9B4712}.Release|Any CPU.Build.0 = Release|Any CPU
	EndGlobalSection
	GlobalSection(SolutionProperties) = preSolution
		HideSolutionNode = FALSE
	EndGlobalSection
	GlobalSection(ExtensibilityGlobals) = postSolution
		SolutionGuid = {B026B0F0-9EC3-4689-A5C5-49153DA399B8}
	EndGlobalSection
EndGlobal
