
Microsoft Visual Studio Solution File, Format Version 12.00
# Visual Studio 15
VisualStudioVersion = 15.0.28010.2041
MinimumVisualStudioVersion = 10.0.40219.1
Project("{FAE04EC0-301F-11D3-BF4B-00C04F79EFBC}") = "Dinnergeddon", "Dinnergeddon\Dinnergeddon.csproj", "{A81E40F8-B895-48DC-B2BF-269E217D4C85}"
EndProject
Project("{FAE04EC0-301F-11D3-BF4B-00C04F79EFBC}") = "DinnerGeddonWeb", "DinnerGeddonWeb\DinnerGeddonWeb.csproj", "{F340E9F8-05EC-4E3D-B95E-8BAB9492A2DD}"
EndProject
Project("{FAE04EC0-301F-11D3-BF4B-00C04F79EFBC}") = "DinnerGeddonWeb.Tests", "DinnerGeddonWeb.Tests\DinnerGeddonWeb.Tests.csproj", "{294A3CF6-5929-49E5-B2C5-AD5BAEC2FA55}"
EndProject
Project("{FAE04EC0-301F-11D3-BF4B-00C04F79EFBC}") = "DBLayer", "DBLayer\DBLayer.csproj", "{B9657908-0A19-4931-8C84-3993BA1E60B6}"
EndProject
Project("{FAE04EC0-301F-11D3-BF4B-00C04F79EFBC}") = "DinnergeddonUI", "DinnergeddonUI\DinnergeddonUI.csproj", "{FAC869ED-9DE7-4E3F-9CD7-EC3CBF6B31F3}"
EndProject
Project("{FAE04EC0-301F-11D3-BF4B-00C04F79EFBC}") = "DinnergeddonService", "DinnergeddonService\DinnergeddonService.csproj", "{9139FBB0-7245-42EB-A5C7-54248C5DFA6D}"
EndProject
Project("{FAE04EC0-301F-11D3-BF4B-00C04F79EFBC}") = "ServiceClientTest", "ServiceClientTest\ServiceClientTest.csproj", "{6D1F6AA9-C673-46FD-AE2C-272CD4E088CB}"
EndProject
Global
	GlobalSection(SolutionConfigurationPlatforms) = preSolution
		Debug|Any CPU = Debug|Any CPU
		Release|Any CPU = Release|Any CPU
	EndGlobalSection
	GlobalSection(ProjectConfigurationPlatforms) = postSolution
		{A81E40F8-B895-48DC-B2BF-269E217D4C85}.Debug|Any CPU.ActiveCfg = Debug|Any CPU
		{A81E40F8-B895-48DC-B2BF-269E217D4C85}.Debug|Any CPU.Build.0 = Debug|Any CPU
		{A81E40F8-B895-48DC-B2BF-269E217D4C85}.Release|Any CPU.ActiveCfg = Release|Any CPU
		{A81E40F8-B895-48DC-B2BF-269E217D4C85}.Release|Any CPU.Build.0 = Release|Any CPU
		{F340E9F8-05EC-4E3D-B95E-8BAB9492A2DD}.Debug|Any CPU.ActiveCfg = Debug|Any CPU
		{F340E9F8-05EC-4E3D-B95E-8BAB9492A2DD}.Debug|Any CPU.Build.0 = Debug|Any CPU
		{F340E9F8-05EC-4E3D-B95E-8BAB9492A2DD}.Release|Any CPU.ActiveCfg = Release|Any CPU
		{F340E9F8-05EC-4E3D-B95E-8BAB9492A2DD}.Release|Any CPU.Build.0 = Release|Any CPU
		{294A3CF6-5929-49E5-B2C5-AD5BAEC2FA55}.Debug|Any CPU.ActiveCfg = Debug|Any CPU
		{294A3CF6-5929-49E5-B2C5-AD5BAEC2FA55}.Debug|Any CPU.Build.0 = Debug|Any CPU
		{294A3CF6-5929-49E5-B2C5-AD5BAEC2FA55}.Release|Any CPU.ActiveCfg = Release|Any CPU
		{294A3CF6-5929-49E5-B2C5-AD5BAEC2FA55}.Release|Any CPU.Build.0 = Release|Any CPU
		{B9657908-0A19-4931-8C84-3993BA1E60B6}.Debug|Any CPU.ActiveCfg = Debug|Any CPU
		{B9657908-0A19-4931-8C84-3993BA1E60B6}.Debug|Any CPU.Build.0 = Debug|Any CPU
		{B9657908-0A19-4931-8C84-3993BA1E60B6}.Release|Any CPU.ActiveCfg = Release|Any CPU
		{B9657908-0A19-4931-8C84-3993BA1E60B6}.Release|Any CPU.Build.0 = Release|Any CPU
		{FAC869ED-9DE7-4E3F-9CD7-EC3CBF6B31F3}.Debug|Any CPU.ActiveCfg = Debug|Any CPU
		{FAC869ED-9DE7-4E3F-9CD7-EC3CBF6B31F3}.Debug|Any CPU.Build.0 = Debug|Any CPU
		{FAC869ED-9DE7-4E3F-9CD7-EC3CBF6B31F3}.Release|Any CPU.ActiveCfg = Release|Any CPU
		{FAC869ED-9DE7-4E3F-9CD7-EC3CBF6B31F3}.Release|Any CPU.Build.0 = Release|Any CPU
		{9139FBB0-7245-42EB-A5C7-54248C5DFA6D}.Debug|Any CPU.ActiveCfg = Debug|Any CPU
		{9139FBB0-7245-42EB-A5C7-54248C5DFA6D}.Debug|Any CPU.Build.0 = Debug|Any CPU
		{9139FBB0-7245-42EB-A5C7-54248C5DFA6D}.Release|Any CPU.ActiveCfg = Release|Any CPU
		{9139FBB0-7245-42EB-A5C7-54248C5DFA6D}.Release|Any CPU.Build.0 = Release|Any CPU
		{6D1F6AA9-C673-46FD-AE2C-272CD4E088CB}.Debug|Any CPU.ActiveCfg = Debug|Any CPU
		{6D1F6AA9-C673-46FD-AE2C-272CD4E088CB}.Debug|Any CPU.Build.0 = Debug|Any CPU
		{6D1F6AA9-C673-46FD-AE2C-272CD4E088CB}.Release|Any CPU.ActiveCfg = Release|Any CPU
		{6D1F6AA9-C673-46FD-AE2C-272CD4E088CB}.Release|Any CPU.Build.0 = Release|Any CPU
	EndGlobalSection
	GlobalSection(SolutionProperties) = preSolution
		HideSolutionNode = FALSE
	EndGlobalSection
	GlobalSection(ExtensibilityGlobals) = postSolution
		SolutionGuid = {B026B0F0-9EC3-4689-A5C5-49153DA399B8}
	EndGlobalSection
EndGlobal
